
Microsoft Visual Studio Solution File, Format Version 12.00
# Visual Studio Version 16
VisualStudioVersion = 16.0.29509.3
MinimumVisualStudioVersion = 10.0.40219.1
Project("{FAE04EC0-301F-11D3-BF4B-00C04F79EFBC}") = "WebLabsV06", "WebLabsV06\WebLabsV06.csproj", "{D1AF1D15-2BF5-445B-9ED6-E627BF9845AF}"
EndProject
Global
	GlobalSection(SolutionConfigurationPlatforms) = preSolution
		Debug|Any CPU = Debug|Any CPU
		Release|Any CPU = Release|Any CPU
	EndGlobalSection
	GlobalSection(ProjectConfigurationPlatforms) = postSolution
		{D1AF1D15-2BF5-445B-9ED6-E627BF9845AF}.Debug|Any CPU.ActiveCfg = Debug|Any CPU
		{D1AF1D15-2BF5-445B-9ED6-E627BF9845AF}.Debug|Any CPU.Build.0 = Debug|Any CPU
		{D1AF1D15-2BF5-445B-9ED6-E627BF9845AF}.Release|Any CPU.ActiveCfg = Release|Any CPU
		{D1AF1D15-2BF5-445B-9ED6-E627BF9845AF}.Release|Any CPU.Build.0 = Release|Any CPU
	EndGlobalSection
	GlobalSection(SolutionProperties) = preSolution
		HideSolutionNode = FALSE
	EndGlobalSection
	GlobalSection(ExtensibilityGlobals) = postSolution
		SolutionGuid = {2BDADC85-FA64-4CD6-ADA6-B527C7654FA7}
	EndGlobalSection
EndGlobal
